
Microsoft Visual Studio Solution File, Format Version 12.00
# Visual Studio 15
VisualStudioVersion = 15.0.28010.2046
MinimumVisualStudioVersion = 10.0.40219.1
Project("{FAE04EC0-301F-11D3-BF4B-00C04F79EFBC}") = "TwitchTextToSpeechApp", "TwitchTextToSpeechApp\TwitchTextToSpeechApp.csproj", "{39DD8FCD-AA10-4711-B255-5B7AB91B6849}"
EndProject
Global
	GlobalSection(SolutionConfigurationPlatforms) = preSolution
		Debug|Any CPU = Debug|Any CPU
		Release|Any CPU = Release|Any CPU
	EndGlobalSection
	GlobalSection(ProjectConfigurationPlatforms) = postSolution
		{39DD8FCD-AA10-4711-B255-5B7AB91B6849}.Debug|Any CPU.ActiveCfg = Debug|Any CPU
		{39DD8FCD-AA10-4711-B255-5B7AB91B6849}.Debug|Any CPU.Build.0 = Debug|Any CPU
		{39DD8FCD-AA10-4711-B255-5B7AB91B6849}.Release|Any CPU.ActiveCfg = Release|Any CPU
		{39DD8FCD-AA10-4711-B255-5B7AB91B6849}.Release|Any CPU.Build.0 = Release|Any CPU
	EndGlobalSection
	GlobalSection(SolutionProperties) = preSolution
		HideSolutionNode = FALSE
	EndGlobalSection
	GlobalSection(ExtensibilityGlobals) = postSolution
		SolutionGuid = {AC6093BC-DB4F-4B2E-8933-3C5AE32FD0F7}
	EndGlobalSection
EndGlobal
